
Microsoft Visual Studio Solution File, Format Version 12.00
# Visual Studio 16
Project("{FAE04EC0-301F-11D3-BF4B-00C04F79EFBC}") = "Assembly-CSharp-firstpass", "Assembly-CSharp-firstpass.csproj", "{106F0483-0DAF-4986-165B-171E28A3E8E4}"
EndProject
Project("{FAE04EC0-301F-11D3-BF4B-00C04F79EFBC}") = "Assembly-CSharp", "Assembly-CSharp.csproj", "{0B86825B-B486-32E7-B941-A3E36892932B}"
EndProject
Project("{FAE04EC0-301F-11D3-BF4B-00C04F79EFBC}") = "Assembly-CSharp-Editor-firstpass", "Assembly-CSharp-Editor-firstpass.csproj", "{0CA0D02C-BE71-5277-6BFE-CB9ACE997C9B}"
EndProject
Global
	GlobalSection(SolutionConfigurationPlatforms) = preSolution
		Debug|Any CPU = Debug|Any CPU
		Release|Any CPU = Release|Any CPU
	EndGlobalSection
	GlobalSection(ProjectConfigurationPlatforms) = postSolution
		{106F0483-0DAF-4986-165B-171E28A3E8E4}.Debug|Any CPU.ActiveCfg = Debug|Any CPU
		{106F0483-0DAF-4986-165B-171E28A3E8E4}.Debug|Any CPU.Build.0 = Debug|Any CPU
		{106F0483-0DAF-4986-165B-171E28A3E8E4}.Release|Any CPU.ActiveCfg = Release|Any CPU
		{106F0483-0DAF-4986-165B-171E28A3E8E4}.Release|Any CPU.Build.0 = Release|Any CPU
		{0B86825B-B486-32E7-B941-A3E36892932B}.Debug|Any CPU.ActiveCfg = Debug|Any CPU
		{0B86825B-B486-32E7-B941-A3E36892932B}.Debug|Any CPU.Build.0 = Debug|Any CPU
		{0B86825B-B486-32E7-B941-A3E36892932B}.Release|Any CPU.ActiveCfg = Release|Any CPU
		{0B86825B-B486-32E7-B941-A3E36892932B}.Release|Any CPU.Build.0 = Release|Any CPU
		{0CA0D02C-BE71-5277-6BFE-CB9ACE997C9B}.Debug|Any CPU.ActiveCfg = Debug|Any CPU
		{0CA0D02C-BE71-5277-6BFE-CB9ACE997C9B}.Debug|Any CPU.Build.0 = Debug|Any CPU
		{0CA0D02C-BE71-5277-6BFE-CB9ACE997C9B}.Release|Any CPU.ActiveCfg = Release|Any CPU
		{0CA0D02C-BE71-5277-6BFE-CB9ACE997C9B}.Release|Any CPU.Build.0 = Release|Any CPU
	EndGlobalSection
	GlobalSection(SolutionProperties) = preSolution
		HideSolutionNode = FALSE
	EndGlobalSection
EndGlobal
